
Microsoft Visual Studio Solution File, Format Version 12.00
# Visual Studio 15
VisualStudioVersion = 15.0.26730.12
MinimumVisualStudioVersion = 10.0.40219.1
Project("{FAE04EC0-301F-11D3-BF4B-00C04F79EFBC}") = "Study.WebUi", "Study.WebUi\Study.WebUi.csproj", "{2B63EA5A-093E-40B7-9F64-D909D672C1DE}"
EndProject
Project("{FAE04EC0-301F-11D3-BF4B-00C04F79EFBC}") = "Study.Tests", "Study.Tests\Study.Tests.csproj", "{32B54C4A-E860-4265-B94E-F086EBDC7CA8}"
EndProject
Global
	GlobalSection(SolutionConfigurationPlatforms) = preSolution
		Debug|Any CPU = Debug|Any CPU
		Release|Any CPU = Release|Any CPU
	EndGlobalSection
	GlobalSection(ProjectConfigurationPlatforms) = postSolution
		{2B63EA5A-093E-40B7-9F64-D909D672C1DE}.Debug|Any CPU.ActiveCfg = Debug|Any CPU
		{2B63EA5A-093E-40B7-9F64-D909D672C1DE}.Debug|Any CPU.Build.0 = Debug|Any CPU
		{2B63EA5A-093E-40B7-9F64-D909D672C1DE}.Release|Any CPU.ActiveCfg = Release|Any CPU
		{2B63EA5A-093E-40B7-9F64-D909D672C1DE}.Release|Any CPU.Build.0 = Release|Any CPU
		{32B54C4A-E860-4265-B94E-F086EBDC7CA8}.Debug|Any CPU.ActiveCfg = Debug|Any CPU
		{32B54C4A-E860-4265-B94E-F086EBDC7CA8}.Debug|Any CPU.Build.0 = Debug|Any CPU
		{32B54C4A-E860-4265-B94E-F086EBDC7CA8}.Release|Any CPU.ActiveCfg = Release|Any CPU
		{32B54C4A-E860-4265-B94E-F086EBDC7CA8}.Release|Any CPU.Build.0 = Release|Any CPU
	EndGlobalSection
	GlobalSection(SolutionProperties) = preSolution
		HideSolutionNode = FALSE
	EndGlobalSection
	GlobalSection(ExtensibilityGlobals) = postSolution
		SolutionGuid = {04F58162-C619-45FB-B498-2E4AB7C5EBDD}
	EndGlobalSection
EndGlobal
